
Microsoft Visual Studio Solution File, Format Version 12.00
# Visual Studio 15
VisualStudioVersion = 15.0.28010.2050
MinimumVisualStudioVersion = 10.0.40219.1
Project("{FAE04EC0-301F-11D3-BF4B-00C04F79EFBC}") = "PackageMachine", "PackageMachine\PackageMachine.csproj", "{93C74E34-42FB-4F3F-9685-6C2B02116FF6}"
EndProject
Project("{FAE04EC0-301F-11D3-BF4B-00C04F79EFBC}") = "EFModle", "EFModle\EFModle.csproj", "{10C0351B-9DA2-4CDA-9D04-633A53108455}"
EndProject
Project("{FAE04EC0-301F-11D3-BF4B-00C04F79EFBC}") = "Functions", "Functions\Functions.csproj", "{C85E1CDC-CE4A-4756-BCE1-D969C9BE02FC}"
EndProject
Project("{FAE04EC0-301F-11D3-BF4B-00C04F79EFBC}") = "Docoumt", "Docoumt\Docoumt.csproj", "{D5C1CF94-39F3-4317-AF5A-5C7D713261A2}"
EndProject
Global
	GlobalSection(SolutionConfigurationPlatforms) = preSolution
		Debug|Any CPU = Debug|Any CPU
		Release|Any CPU = Release|Any CPU
	EndGlobalSection
	GlobalSection(ProjectConfigurationPlatforms) = postSolution
		{93C74E34-42FB-4F3F-9685-6C2B02116FF6}.Debug|Any CPU.ActiveCfg = Debug|Any CPU
		{93C74E34-42FB-4F3F-9685-6C2B02116FF6}.Debug|Any CPU.Build.0 = Debug|Any CPU
		{93C74E34-42FB-4F3F-9685-6C2B02116FF6}.Release|Any CPU.ActiveCfg = Release|Any CPU
		{93C74E34-42FB-4F3F-9685-6C2B02116FF6}.Release|Any CPU.Build.0 = Release|Any CPU
		{10C0351B-9DA2-4CDA-9D04-633A53108455}.Debug|Any CPU.ActiveCfg = Debug|Any CPU
		{10C0351B-9DA2-4CDA-9D04-633A53108455}.Debug|Any CPU.Build.0 = Debug|Any CPU
		{10C0351B-9DA2-4CDA-9D04-633A53108455}.Release|Any CPU.ActiveCfg = Release|Any CPU
		{10C0351B-9DA2-4CDA-9D04-633A53108455}.Release|Any CPU.Build.0 = Release|Any CPU
		{C85E1CDC-CE4A-4756-BCE1-D969C9BE02FC}.Debug|Any CPU.ActiveCfg = Debug|Any CPU
		{C85E1CDC-CE4A-4756-BCE1-D969C9BE02FC}.Debug|Any CPU.Build.0 = Debug|Any CPU
		{C85E1CDC-CE4A-4756-BCE1-D969C9BE02FC}.Release|Any CPU.ActiveCfg = Release|Any CPU
		{C85E1CDC-CE4A-4756-BCE1-D969C9BE02FC}.Release|Any CPU.Build.0 = Release|Any CPU
		{D5C1CF94-39F3-4317-AF5A-5C7D713261A2}.Debug|Any CPU.ActiveCfg = Debug|Any CPU
		{D5C1CF94-39F3-4317-AF5A-5C7D713261A2}.Debug|Any CPU.Build.0 = Debug|Any CPU
		{D5C1CF94-39F3-4317-AF5A-5C7D713261A2}.Release|Any CPU.ActiveCfg = Release|Any CPU
		{D5C1CF94-39F3-4317-AF5A-5C7D713261A2}.Release|Any CPU.Build.0 = Release|Any CPU
	EndGlobalSection
	GlobalSection(SolutionProperties) = preSolution
		HideSolutionNode = FALSE
	EndGlobalSection
	GlobalSection(ExtensibilityGlobals) = postSolution
		SolutionGuid = {F1C045DE-6898-48DF-9020-FAC811EF09D2}
	EndGlobalSection
EndGlobal
